
Microsoft Visual Studio Solution File, Format Version 12.00
# Visual Studio Version 17
VisualStudioVersion = 17.11.35327.3
MinimumVisualStudioVersion = 10.0.40219.1
Project("{FAE04EC0-301F-11D3-BF4B-00C04F79EFBC}") = "QuanLyCongViec", "QuanLyCongViec\QuanLyCongViec.csproj", "{4758657A-C733-4EA0-BCB8-540C8A4324CD}"
EndProject
Global
	GlobalSection(SolutionConfigurationPlatforms) = preSolution
		Debug|Any CPU = Debug|Any CPU
		Release|Any CPU = Release|Any CPU
	EndGlobalSection
	GlobalSection(ProjectConfigurationPlatforms) = postSolution
		{4758657A-C733-4EA0-BCB8-540C8A4324CD}.Debug|Any CPU.ActiveCfg = Debug|Any CPU
		{4758657A-C733-4EA0-BCB8-540C8A4324CD}.Debug|Any CPU.Build.0 = Debug|Any CPU
		{4758657A-C733-4EA0-BCB8-540C8A4324CD}.Release|Any CPU.ActiveCfg = Release|Any CPU
		{4758657A-C733-4EA0-BCB8-540C8A4324CD}.Release|Any CPU.Build.0 = Release|Any CPU
	EndGlobalSection
	GlobalSection(SolutionProperties) = preSolution
		HideSolutionNode = FALSE
	EndGlobalSection
	GlobalSection(ExtensibilityGlobals) = postSolution
		SolutionGuid = {EEF9E171-8CEC-4D1D-9A6D-EC9BD6A17779}
	EndGlobalSection
EndGlobal
